
Microsoft Visual Studio Solution File, Format Version 12.00
# Visual Studio Version 16
VisualStudioVersion = 16.0.32929.386
MinimumVisualStudioVersion = 10.0.40219.1
Project("{FAE04EC0-301F-11D3-BF4B-00C04F79EFBC}") = "AssignmentTwo", "AssignmentTwo\AssignmentTwo.csproj", "{CC9DCF67-EB19-4696-B18F-7F93DE2D3FC4}"
EndProject
Global
	GlobalSection(SolutionConfigurationPlatforms) = preSolution
		Debug|Any CPU = Debug|Any CPU
		Release|Any CPU = Release|Any CPU
	EndGlobalSection
	GlobalSection(ProjectConfigurationPlatforms) = postSolution
		{CC9DCF67-EB19-4696-B18F-7F93DE2D3FC4}.Debug|Any CPU.ActiveCfg = Debug|Any CPU
		{CC9DCF67-EB19-4696-B18F-7F93DE2D3FC4}.Debug|Any CPU.Build.0 = Debug|Any CPU
		{CC9DCF67-EB19-4696-B18F-7F93DE2D3FC4}.Release|Any CPU.ActiveCfg = Release|Any CPU
		{CC9DCF67-EB19-4696-B18F-7F93DE2D3FC4}.Release|Any CPU.Build.0 = Release|Any CPU
	EndGlobalSection
	GlobalSection(SolutionProperties) = preSolution
		HideSolutionNode = FALSE
	EndGlobalSection
	GlobalSection(ExtensibilityGlobals) = postSolution
		SolutionGuid = {7BF9EFE9-6370-4369-9608-8FD438B0F5F7}
	EndGlobalSection
EndGlobal
